
Microsoft Visual Studio Solution File, Format Version 12.00
# Visual Studio 15
VisualStudioVersion = 15.0.27004.2010
MinimumVisualStudioVersion = 10.0.40219.1
Project("{FAE04EC0-301F-11D3-BF4B-00C04F79EFBC}") = "EmptyClassRoomRepo", "EmptyClassRoomRepo\EmptyClassRoomRepo.csproj", "{54104B93-8333-455F-969C-FD868CA943EF}"
EndProject
Global
	GlobalSection(SolutionConfigurationPlatforms) = preSolution
		Debug|Any CPU = Debug|Any CPU
		Release|Any CPU = Release|Any CPU
	EndGlobalSection
	GlobalSection(ProjectConfigurationPlatforms) = postSolution
		{54104B93-8333-455F-969C-FD868CA943EF}.Debug|Any CPU.ActiveCfg = Debug|Any CPU
		{54104B93-8333-455F-969C-FD868CA943EF}.Debug|Any CPU.Build.0 = Debug|Any CPU
		{54104B93-8333-455F-969C-FD868CA943EF}.Release|Any CPU.ActiveCfg = Release|Any CPU
		{54104B93-8333-455F-969C-FD868CA943EF}.Release|Any CPU.Build.0 = Release|Any CPU
	EndGlobalSection
	GlobalSection(SolutionProperties) = preSolution
		HideSolutionNode = FALSE
	EndGlobalSection
	GlobalSection(ExtensibilityGlobals) = postSolution
		SolutionGuid = {579A8FFD-1626-447E-9FA0-BD4384F05B24}
	EndGlobalSection
EndGlobal
